
Microsoft Visual Studio Solution File, Format Version 10.00
# Visual C# Express 2008
Project("{FAE04EC0-301F-11D3-BF4B-00C04F79EFBC}") = "PNGoo", "PNGoo\PNGoo.csproj", "{DD3E67A0-C779-4C95-8850-390805A5347C}"
EndProject
Global
	GlobalSection(SolutionConfigurationPlatforms) = preSolution
		Debug|Any CPU = Debug|Any CPU
		Release|Any CPU = Release|Any CPU
	EndGlobalSection
	GlobalSection(ProjectConfigurationPlatforms) = postSolution
		{DD3E67A0-C779-4C95-8850-390805A5347C}.Debug|Any CPU.ActiveCfg = Debug|Any CPU
		{DD3E67A0-C779-4C95-8850-390805A5347C}.Debug|Any CPU.Build.0 = Debug|Any CPU
		{DD3E67A0-C779-4C95-8850-390805A5347C}.Release|Any CPU.ActiveCfg = Release|Any CPU
		{DD3E67A0-C779-4C95-8850-390805A5347C}.Release|Any CPU.Build.0 = Release|Any CPU
	EndGlobalSection
	GlobalSection(SolutionProperties) = preSolution
		HideSolutionNode = FALSE
	EndGlobalSection
EndGlobal
